
Microsoft Visual Studio Solution File, Format Version 12.00
# Visual Studio Version 16
VisualStudioVersion = 16.0.31129.286
MinimumVisualStudioVersion = 10.0.40219.1
Project("{FAE04EC0-301F-11D3-BF4B-00C04F79EFBC}") = "EventDrivenProgramingDemo", "EventDrivenProgramingDemo.csproj", "{BE914252-74DB-46D0-89D0-46ED470D7987}"
EndProject
Global
	GlobalSection(SolutionConfigurationPlatforms) = preSolution
		Debug|Any CPU = Debug|Any CPU
		Release|Any CPU = Release|Any CPU
	EndGlobalSection
	GlobalSection(ProjectConfigurationPlatforms) = postSolution
		{BE914252-74DB-46D0-89D0-46ED470D7987}.Debug|Any CPU.ActiveCfg = Debug|Any CPU
		{BE914252-74DB-46D0-89D0-46ED470D7987}.Debug|Any CPU.Build.0 = Debug|Any CPU
		{BE914252-74DB-46D0-89D0-46ED470D7987}.Release|Any CPU.ActiveCfg = Release|Any CPU
		{BE914252-74DB-46D0-89D0-46ED470D7987}.Release|Any CPU.Build.0 = Release|Any CPU
	EndGlobalSection
	GlobalSection(SolutionProperties) = preSolution
		HideSolutionNode = FALSE
	EndGlobalSection
	GlobalSection(ExtensibilityGlobals) = postSolution
		SolutionGuid = {957152AB-A834-45B4-9460-412F48D4CC76}
	EndGlobalSection
EndGlobal
